
Microsoft Visual Studio Solution File, Format Version 12.00
# Visual Studio Version 17
VisualStudioVersion = 17.4.33205.214
MinimumVisualStudioVersion = 10.0.40219.1
Project("{9A19103F-16F7-4668-BE54-9A1E7A4F7556}") = "PokemonEffortValueFinder.Core", "PokemonEffortValueFinder.Core\PokemonEffortValueFinder.Core.csproj", "{61CEA107-D807-47A3-8A30-997AAE152CEA}"
EndProject
Project("{9A19103F-16F7-4668-BE54-9A1E7A4F7556}") = "PokemonEffortValueFinder", "PokemonEffortValueFinder\PokemonEffortValueFinder.csproj", "{E52FCA01-FAF4-43E3-961C-4A1AB39145BE}"
EndProject
Project("{9A19103F-16F7-4668-BE54-9A1E7A4F7556}") = "PokemonEffortValueFinder.Launcher", "PokemonEffortValueFinder.Launcher\PokemonEffortValueFinder.Launcher.csproj", "{D6A4F21E-EB15-4525-8A88-C6E6AE1668CA}"
EndProject
Global
	GlobalSection(SolutionConfigurationPlatforms) = preSolution
		Debug|Any CPU = Debug|Any CPU
		Release|Any CPU = Release|Any CPU
	EndGlobalSection
	GlobalSection(ProjectConfigurationPlatforms) = postSolution
		{61CEA107-D807-47A3-8A30-997AAE152CEA}.Debug|Any CPU.ActiveCfg = Debug|Any CPU
		{61CEA107-D807-47A3-8A30-997AAE152CEA}.Debug|Any CPU.Build.0 = Debug|Any CPU
		{61CEA107-D807-47A3-8A30-997AAE152CEA}.Release|Any CPU.ActiveCfg = Release|Any CPU
		{61CEA107-D807-47A3-8A30-997AAE152CEA}.Release|Any CPU.Build.0 = Release|Any CPU
		{E52FCA01-FAF4-43E3-961C-4A1AB39145BE}.Debug|Any CPU.ActiveCfg = Debug|Any CPU
		{E52FCA01-FAF4-43E3-961C-4A1AB39145BE}.Debug|Any CPU.Build.0 = Debug|Any CPU
		{E52FCA01-FAF4-43E3-961C-4A1AB39145BE}.Debug|Any CPU.Deploy.0 = Debug|Any CPU
		{E52FCA01-FAF4-43E3-961C-4A1AB39145BE}.Release|Any CPU.ActiveCfg = Release|Any CPU
		{E52FCA01-FAF4-43E3-961C-4A1AB39145BE}.Release|Any CPU.Build.0 = Release|Any CPU
		{E52FCA01-FAF4-43E3-961C-4A1AB39145BE}.Release|Any CPU.Deploy.0 = Release|Any CPU
		{D6A4F21E-EB15-4525-8A88-C6E6AE1668CA}.Debug|Any CPU.ActiveCfg = Debug|Any CPU
		{D6A4F21E-EB15-4525-8A88-C6E6AE1668CA}.Debug|Any CPU.Build.0 = Debug|Any CPU
		{D6A4F21E-EB15-4525-8A88-C6E6AE1668CA}.Release|Any CPU.ActiveCfg = Release|Any CPU
	EndGlobalSection
	GlobalSection(SolutionProperties) = preSolution
		HideSolutionNode = FALSE
	EndGlobalSection
	GlobalSection(ExtensibilityGlobals) = postSolution
		SolutionGuid = {48808558-60EC-4060-885A-01FA9F341602}
	EndGlobalSection
EndGlobal
